
Microsoft Visual Studio Solution File, Format Version 12.00
# Visual Studio Version 17
VisualStudioVersion = 17.8.34309.116
MinimumVisualStudioVersion = 10.0.40219.1
Project("{FAE04EC0-301F-11D3-BF4B-00C04F79EFBC}") = "ShegaCollage", "ShegaCollage\ShegaCollage.csproj", "{1B7CCE5C-58A8-494C-9781-98DF7C04AA21}"
EndProject
Global
	GlobalSection(SolutionConfigurationPlatforms) = preSolution
		Debug|Any CPU = Debug|Any CPU
		Release|Any CPU = Release|Any CPU
	EndGlobalSection
	GlobalSection(ProjectConfigurationPlatforms) = postSolution
		{1B7CCE5C-58A8-494C-9781-98DF7C04AA21}.Debug|Any CPU.ActiveCfg = Debug|Any CPU
		{1B7CCE5C-58A8-494C-9781-98DF7C04AA21}.Debug|Any CPU.Build.0 = Debug|Any CPU
		{1B7CCE5C-58A8-494C-9781-98DF7C04AA21}.Release|Any CPU.ActiveCfg = Release|Any CPU
		{1B7CCE5C-58A8-494C-9781-98DF7C04AA21}.Release|Any CPU.Build.0 = Release|Any CPU
	EndGlobalSection
	GlobalSection(SolutionProperties) = preSolution
		HideSolutionNode = FALSE
	EndGlobalSection
	GlobalSection(ExtensibilityGlobals) = postSolution
		SolutionGuid = {3C5C5BB7-E6A0-4F63-BBB1-9792494E9936}
	EndGlobalSection
EndGlobal
